// !$*UTF8*$!
{
	archiveVersion = 1;
	classes = {
	};
	objectVersion = 50;
	objects = {

/* Begin PBXBuildFile section */
		FCCEBA2C24221D6400A9B950 /* AppDelegate.m in Sources */ = {isa = PBXBuildFile; fileRef = FCCEBA2B24221D6400A9B950 /* AppDelegate.m */; };
		FCCEBA2F24221D6400A9B950 /* SceneDelegate.m in Sources */ = {isa = PBXBuildFile; fileRef = FCCEBA2E24221D6400A9B950 /* SceneDelegate.m */; };
		FCCEBA3224221D6400A9B950 /* ViewController.m in Sources */ = {isa = PBXBuildFile; fileRef = FCCEBA3124221D6400A9B950 /* ViewController.m */; };
		FCCEBA3524221D6400A9B950 /* Main.storyboard in Resources */ = {isa = PBXBuildFile; fileRef = FCCEBA3324221D6400A9B950 /* Main.storyboard */; };
		FCCEBA3724221D6500A9B950 /* Assets.xcassets in Resources */ = {isa = PBXBuildFile; fileRef = FCCEBA3624221D6500A9B950 /* Assets.xcassets */; };
		FCCEBA3A24221D6500A9B950 /* LaunchScreen.storyboard in Resources */ = {isa = PBXBuildFile; fileRef = FCCEBA3824221D6500A9B950 /* LaunchScreen.storyboard */; };
		FCCEBA3D24221D6500A9B950 /* main.m in Sources */ = {isa = PBXBuildFile; fileRef = FCCEBA3C24221D6500A9B950 /* main.m */; };
		FCCEBA4724221D6500A9B950 /* Todo_ObjCTests.m in Sources */ = {isa = PBXBuildFile; fileRef = FCCEBA4624221D6500A9B950 /* Todo_ObjCTests.m */; };
		FCCEBA5224221D6500A9B950 /* Todo_ObjCUITests.m in Sources */ = {isa = PBXBuildFile; fileRef = FCCEBA5124221D6500A9B950 /* Todo_ObjCUITests.m */; };
/* End PBXBuildFile section */

/* Begin PBXContainerItemProxy section */
		FCCEBA4324221D6500A9B950 /* PBXContainerItemProxy */ = {
			isa = PBXContainerItemProxy;
			containerPortal = FCCEBA1F24221D6400A9B950 /* Project object */;
			proxyType = 1;
			remoteGlobalIDString = FCCEBA2624221D6400A9B950;
			remoteInfo = Todo_ObjC;
		};
		FCCEBA4E24221D6500A9B950 /* PBXContainerItemProxy */ = {
			isa = PBXContainerItemProxy;
			containerPortal = FCCEBA1F24221D6400A9B950 /* Project object */;
			proxyType = 1;
			remoteGlobalIDString = FCCEBA2624221D6400A9B950;
			remoteInfo = Todo_ObjC;
		};
/* End PBXContainerItemProxy section */

/* Begin PBXFileReference section */
		FCCEBA2724221D6400A9B950 /* Todo_ObjC.app */ = {isa = PBXFileReference; explicitFileType = wrapper.application; includeInIndex = 0; path = Todo_ObjC.app; sourceTree = BUILT_PRODUCTS_DIR; };
		FCCEBA2A24221D6400A9B950 /* AppDelegate.h */ = {isa = PBXFileReference; lastKnownFileType = sourcecode.c.h; path = AppDelegate.h; sourceTree = "<group>"; };
		FCCEBA2B24221D6400A9B950 /* AppDelegate.m */ = {isa = PBXFileReference; lastKnownFileType = sourcecode.c.objc; path = AppDelegate.m; sourceTree = "<group>"; };
		FCCEBA2D24221D6400A9B950 /* SceneDelegate.h */ = {isa = PBXFileReference; lastKnownFileType = sourcecode.c.h; path = SceneDelegate.h; sourceTree = "<group>"; };
		FCCEBA2E24221D6400A9B950 /* SceneDelegate.m */ = {isa = PBXFileReference; lastKnownFileType = sourcecode.c.objc; path = SceneDelegate.m; sourceTree = "<group>"; };
		FCCEBA3024221D6400A9B950 /* ViewController.h */ = {isa = PBXFileReference; lastKnownFileType = sourcecode.c.h; path = ViewController.h; sourceTree = "<group>"; };
		FCCEBA3124221D6400A9B950 /* ViewController.m */ = {isa = PBXFileReference; lastKnownFileType = sourcecode.c.objc; path = ViewController.m; sourceTree = "<group>"; };
		FCCEBA3424221D6400A9B950 /* Base */ = {isa = PBXFileReference; lastKnownFileType = file.storyboard; name = Base; path = Base.lproj/Main.storyboard; sourceTree = "<group>"; };
		FCCEBA3624221D6500A9B950 /* Assets.xcassets */ = {isa = PBXFileReference; lastKnownFileType = folder.assetcatalog; path = Assets.xcassets; sourceTree = "<group>"; };
		FCCEBA3924221D6500A9B950 /* Base */ = {isa = PBXFileReference; lastKnownFileType = file.storyboard; name = Base; path = Base.lproj/LaunchScreen.storyboard; sourceTree = "<group>"; };
		FCCEBA3B24221D6500A9B950 /* Info.plist */ = {isa = PBXFileReference; lastKnownFileType = text.plist.xml; path = Info.plist; sourceTree = "<group>"; };
		FCCEBA3C24221D6500A9B950 /* main.m */ = {isa = PBXFileReference; lastKnownFileType = sourcecode.c.objc; path = main.m; sourceTree = "<group>"; };
		FCCEBA4224221D6500A9B950 /* Todo_ObjCTests.xctest */ = {isa = PBXFileReference; explicitFileType = wrapper.cfbundle; includeInIndex = 0; path = Todo_ObjCTests.xctest; sourceTree = BUILT_PRODUCTS_DIR; };
		FCCEBA4624221D6500A9B950 /* Todo_ObjCTests.m */ = {isa = PBXFileReference; lastKnownFileType = sourcecode.c.objc; path = Todo_ObjCTests.m; sourceTree = "<group>"; };
		FCCEBA4824221D6500A9B950 /* Info.plist */ = {isa = PBXFileReference; lastKnownFileType = text.plist.xml; path = Info.plist; sourceTree = "<group>"; };
		FCCEBA4D24221D6500A9B950 /* Todo_ObjCUITests.xctest */ = {isa = PBXFileReference; explicitFileType = wrapper.cfbundle; includeInIndex = 0; path = Todo_ObjCUITests.xctest; sourceTree = BUILT_PRODUCTS_DIR; };
		FCCEBA5124221D6500A9B950 /* Todo_ObjCUITests.m */ = {isa = PBXFileReference; lastKnownFileType = sourcecode.c.objc; path = Todo_ObjCUITests.m; sourceTree = "<group>"; };
		FCCEBA5324221D6500A9B950 /* Info.plist */ = {isa = PBXFileReference; lastKnownFileType = text.plist.xml; path = Info.plist; sourceTree = "<group>"; };
/* End PBXFileReference section */

/* Begin PBXFrameworksBuildPhase section */
		FCCEBA2424221D6400A9B950 /* Frameworks */ = {
			isa = PBXFrameworksBuildPhase;
			buildActionMask = 2147483647;
			files = (
			);
			runOnlyForDeploymentPostprocessing = 0;
		};
		FCCEBA3F24221D6500A9B950 /* Frameworks */ = {
			isa = PBXFrameworksBuildPhase;
			buildActionMask = 2147483647;
			files = (
			);
			runOnlyForDeploymentPostprocessing = 0;
		};
		FCCEBA4A24221D6500A9B950 /* Frameworks */ = {
			isa = PBXFrameworksBuildPhase;
			buildActionMask = 2147483647;
			files = (
			);
			runOnlyForDeploymentPostprocessing = 0;
		};
/* End PBXFrameworksBuildPhase section */

/* Begin PBXGroup section */
		FCCEBA1E24221D6400A9B950 = {
			isa = PBXGroup;
			children = (
				FCCEBA2924221D6400A9B950 /* Todo_ObjC */,
				FCCEBA4524221D6500A9B950 /* Todo_ObjCTests */,
				FCCEBA5024221D6500A9B950 /* Todo_ObjCUITests */,
				FCCEBA2824221D6400A9B950 /* Products */,
			);
			sourceTree = "<group>";
		};
		FCCEBA2824221D6400A9B950 /* Products */ = {
			isa = PBXGroup;
			children = (
				FCCEBA2724221D6400A9B950 /* Todo_ObjC.app */,
				FCCEBA4224221D6500A9B950 /* Todo_ObjCTests.xctest */,
				FCCEBA4D24221D6500A9B950 /* Todo_ObjCUITests.xctest */,
			);
			name = Products;
			sourceTree = "<group>";
		};
		FCCEBA2924221D6400A9B950 /* Todo_ObjC */ = {
			isa = PBXGroup;
			children = (
				FCCEBA2A24221D6400A9B950 /* AppDelegate.h */,
				FCCEBA2B24221D6400A9B950 /* AppDelegate.m */,
				FCCEBA2D24221D6400A9B950 /* SceneDelegate.h */,
				FCCEBA2E24221D6400A9B950 /* SceneDelegate.m */,
				FCCEBA3024221D6400A9B950 /* ViewController.h */,
				FCCEBA3124221D6400A9B950 /* ViewController.m */,
				FCCEBA3324221D6400A9B950 /* Main.storyboard */,
				FCCEBA3624221D6500A9B950 /* Assets.xcassets */,
				FCCEBA3824221D6500A9B950 /* LaunchScreen.storyboard */,
				FCCEBA3B24221D6500A9B950 /* Info.plist */,
				FCCEBA3C24221D6500A9B950 /* main.m */,
			);
			path = Todo_ObjC;
			sourceTree = "<group>";
		};
		FCCEBA4524221D6500A9B950 /* Todo_ObjCTests */ = {
			isa = PBXGroup;
			children = (
				FCCEBA4624221D6500A9B950 /* Todo_ObjCTests.m */,
				FCCEBA4824221D6500A9B950 /* Info.plist */,
			);
			path = Todo_ObjCTests;
			sourceTree = "<group>";
		};
		FCCEBA5024221D6500A9B950 /* Todo_ObjCUITests */ = {
			isa = PBXGroup;
			children = (
				FCCEBA5124221D6500A9B950 /* Todo_ObjCUITests.m */,
				FCCEBA5324221D6500A9B950 /* Info.plist */,
			);
			path = Todo_ObjCUITests;
			sourceTree = "<group>";
		};
/* End PBXGroup section */

/* Begin PBXNativeTarget section */
		FCCEBA2624221D6400A9B950 /* Todo_ObjC */ = {
			isa = PBXNativeTarget;
			buildConfigurationList = FCCEBA5624221D6500A9B950 /* Build configuration list for PBXNativeTarget "Todo_ObjC" */;
			buildPhases = (
				FCCEBA2324221D6400A9B950 /* Sources */,
				FCCEBA2424221D6400A9B950 /* Frameworks */,
				FCCEBA2524221D6400A9B950 /* Resources */,
			);
			buildRules = (
			);
			dependencies = (
			);
			name = Todo_ObjC;
			productName = Todo_ObjC;
			productReference = FCCEBA2724221D6400A9B950 /* Todo_ObjC.app */;
			productType = "com.apple.product-type.application";
		};
		FCCEBA4124221D6500A9B950 /* Todo_ObjCTests */ = {
			isa = PBXNativeTarget;
			buildConfigurationList = FCCEBA5924221D6500A9B950 /* Build configuration list for PBXNativeTarget "Todo_ObjCTests" */;
			buildPhases = (
				FCCEBA3E24221D6500A9B950 /* Sources */,
				FCCEBA3F24221D6500A9B950 /* Frameworks */,
				FCCEBA4024221D6500A9B950 /* Resources */,
			);
			buildRules = (
			);
			dependencies = (
				FCCEBA4424221D6500A9B950 /* PBXTargetDependency */,
			);
			name = Todo_ObjCTests;
			productName = Todo_ObjCTests;
			productReference = FCCEBA4224221D6500A9B950 /* Todo_ObjCTests.xctest */;
			productType = "com.apple.product-type.bundle.unit-test";
		};
		FCCEBA4C24221D6500A9B950 /* Todo_ObjCUITests */ = {
			isa = PBXNativeTarget;
			buildConfigurationList = FCCEBA5C24221D6500A9B950 /* Build configuration list for PBXNativeTarget "Todo_ObjCUITests" */;
			buildPhases = (
				FCCEBA4924221D6500A9B950 /* Sources */,
				FCCEBA4A24221D6500A9B950 /* Frameworks */,
				FCCEBA4B24221D6500A9B950 /* Resources */,
			);
			buildRules = (
			);
			dependencies = (
				FCCEBA4F24221D6500A9B950 /* PBXTargetDependency */,
			);
			name = Todo_ObjCUITests;
			productName = Todo_ObjCUITests;
			productReference = FCCEBA4D24221D6500A9B950 /* Todo_ObjCUITests.xctest */;
			productType = "com.apple.product-type.bundle.ui-testing";
		};
/* End PBXNativeTarget section */

/* Begin PBXProject section */
		FCCEBA1F24221D6400A9B950 /* Project object */ = {
			isa = PBXProject;
			attributes = {
				LastUpgradeCheck = 1130;
				ORGANIZATIONNAME = VietVQ;
				TargetAttributes = {
					FCCEBA2624221D6400A9B950 = {
						CreatedOnToolsVersion = 11.3;
					};
					FCCEBA4124221D6500A9B950 = {
						CreatedOnToolsVersion = 11.3;
						TestTargetID = FCCEBA2624221D6400A9B950;
					};
					FCCEBA4C24221D6500A9B950 = {
						CreatedOnToolsVersion = 11.3;
						TestTargetID = FCCEBA2624221D6400A9B950;
					};
				};
			};
			buildConfigurationList = FCCEBA2224221D6400A9B950 /* Build configuration list for PBXProject "Todo_ObjC" */;
			compatibilityVersion = "Xcode 9.3";
			developmentRegion = en;
			hasScannedForEncodings = 0;
			knownRegions = (
				en,
				Base,
			);
			mainGroup = FCCEBA1E24221D6400A9B950;
			productRefGroup = FCCEBA2824221D6400A9B950 /* Products */;
			projectDirPath = "";
			projectRoot = "";
			targets = (
				FCCEBA2624221D6400A9B950 /* Todo_ObjC */,
				FCCEBA4124221D6500A9B950 /* Todo_ObjCTests */,
				FCCEBA4C24221D6500A9B950 /* Todo_ObjCUITests */,
			);
		};
/* End PBXProject section */

/* Begin PBXResourcesBuildPhase section */
		FCCEBA2524221D6400A9B950 /* Resources */ = {
			isa = PBXResourcesBuildPhase;
			buildActionMask = 2147483647;
			files = (
				FCCEBA3A24221D6500A9B950 /* LaunchScreen.storyboard in Resources */,
				FCCEBA3724221D6500A9B950 /* Assets.xcassets in Resources */,
				FCCEBA3524221D6400A9B950 /* Main.storyboard in Resources */,
			);
			runOnlyForDeploymentPostprocessing = 0;
		};
		FCCEBA4024221D6500A9B950 /* Resources */ = {
			isa = PBXResourcesBuildPhase;
			buildActionMask = 2147483647;
			files = (
			);
			runOnlyForDeploymentPostprocessing = 0;
		};
		FCCEBA4B24221D6500A9B950 /* Resources */ = {
			isa = PBXResourcesBuildPhase;
			buildActionMask = 2147483647;
			files = (
			);
			runOnlyForDeploymentPostprocessing = 0;
		};
/* End PBXResourcesBuildPhase section */

/* Begin PBXSourcesBuildPhase section */
		FCCEBA2324221D6400A9B950 /* Sources */ = {
			isa = PBXSourcesBuildPhase;
			buildActionMask = 2147483647;
			files = (
				FCCEBA3224221D6400A9B950 /* ViewController.m in Sources */,
				FCCEBA2C24221D6400A9B950 /* AppDelegate.m in Sources */,
				FCCEBA3D24221D6500A9B950 /* main.m in Sources */,
				FCCEBA2F24221D6400A9B950 /* SceneDelegate.m in Sources */,
			);
			runOnlyForDeploymentPostprocessing = 0;
		};
		FCCEBA3E24221D6500A9B950 /* Sources */ = {
			isa = PBXSourcesBuildPhase;
			buildActionMask = 2147483647;
			files = (
				FCCEBA4724221D6500A9B950 /* Todo_ObjCTests.m in Sources */,
			);
			runOnlyForDeploymentPostprocessing = 0;
		};
		FCCEBA4924221D6500A9B950 /* Sources */ = {
			isa = PBXSourcesBuildPhase;
			buildActionMask = 2147483647;
			files = (
				FCCEBA5224221D6500A9B950 /* Todo_ObjCUITests.m in Sources */,
			);
			runOnlyForDeploymentPostprocessing = 0;
		};
/* End PBXSourcesBuildPhase section */

/* Begin PBXTargetDependency section */
		FCCEBA4424221D6500A9B950 /* PBXTargetDependency */ = {
			isa = PBXTargetDependency;
			target = FCCEBA2624221D6400A9B950 /* Todo_ObjC */;
			targetProxy = FCCEBA4324221D6500A9B950 /* PBXContainerItemProxy */;
		};
		FCCEBA4F24221D6500A9B950 /* PBXTargetDependency */ = {
			isa = PBXTargetDependency;
			target = FCCEBA2624221D6400A9B950 /* Todo_ObjC */;
			targetProxy = FCCEBA4E24221D6500A9B950 /* PBXContainerItemProxy */;
		};
/* End PBXTargetDependency section */

/* Begin PBXVariantGroup section */
		FCCEBA3324221D6400A9B950 /* Main.storyboard */ = {
			isa = PBXVariantGroup;
			children = (
				FCCEBA3424221D6400A9B950 /* Base */,
			);
			name = Main.storyboard;
			sourceTree = "<group>";
		};
		FCCEBA3824221D6500A9B950 /* LaunchScreen.storyboard */ = {
			isa = PBXVariantGroup;
			children = (
				FCCEBA3924221D6500A9B950 /* Base */,
			);
			name = LaunchScreen.storyboard;
			sourceTree = "<group>";
		};
/* End PBXVariantGroup section */

/* Begin XCBuildConfiguration section */
		FCCEBA5424221D6500A9B950 /* Debug */ = {
			isa = XCBuildConfiguration;
			buildSettings = {
				ALWAYS_SEARCH_USER_PATHS = NO;
				CLANG_ANALYZER_NONNULL = YES;
				CLANG_ANALYZER_NUMBER_OBJECT_CONVERSION = YES_AGGRESSIVE;
				CLANG_CXX_LANGUAGE_STANDARD = "gnu++14";
				CLANG_CXX_LIBRARY = "libc++";
				CLANG_ENABLE_MODULES = YES;
				CLANG_ENABLE_OBJC_ARC = YES;
				CLANG_ENABLE_OBJC_WEAK = YES;
				CLANG_WARN_BLOCK_CAPTURE_AUTORELEASING = YES;
				CLANG_WARN_BOOL_CONVERSION = YES;
				CLANG_WARN_COMMA = YES;
				CLANG_WARN_CONSTANT_CONVERSION = YES;
				CLANG_WARN_DEPRECATED_OBJC_IMPLEMENTATIONS = YES;
				CLANG_WARN_DIRECT_OBJC_ISA_USAGE = YES_ERROR;
				CLANG_WARN_DOCUMENTATION_COMMENTS = YES;
				CLANG_WARN_EMPTY_BODY = YES;
				CLANG_WARN_ENUM_CONVERSION = YES;
				CLANG_WARN_INFINITE_RECURSION = YES;
				CLANG_WARN_INT_CONVERSION = YES;
				CLANG_WARN_NON_LITERAL_NULL_CONVERSION = YES;
				CLANG_WARN_OBJC_IMPLICIT_RETAIN_SELF = YES;
				CLANG_WARN_OBJC_LITERAL_CONVERSION = YES;
				CLANG_WARN_OBJC_ROOT_CLASS = YES_ERROR;
				CLANG_WARN_RANGE_LOOP_ANALYSIS = YES;
				CLANG_WARN_STRICT_PROTOTYPES = YES;
				CLANG_WARN_SUSPICIOUS_MOVE = YES;
				CLANG_WARN_UNGUARDED_AVAILABILITY = YES_AGGRESSIVE;
				CLANG_WARN_UNREACHABLE_CODE = YES;
				CLANG_WARN__DUPLICATE_METHOD_MATCH = YES;
				COPY_PHASE_STRIP = NO;
				DEBUG_INFORMATION_FORMAT = dwarf;
				ENABLE_STRICT_OBJC_MSGSEND = YES;
				ENABLE_TESTABILITY = YES;
				GCC_C_LANGUAGE_STANDARD = gnu11;
				GCC_DYNAMIC_NO_PIC = NO;
				GCC_NO_COMMON_BLOCKS = YES;
				GCC_OPTIMIZATION_LEVEL = 0;
				GCC_PREPROCESSOR_DEFINITIONS = (
					"DEBUG=1",
					"$(inherited)",
				);
				GCC_WARN_64_TO_32_BIT_CONVERSION = YES;
				GCC_WARN_ABOUT_RETURN_TYPE = YES_ERROR;
				GCC_WARN_UNDECLARED_SELECTOR = YES;
				GCC_WARN_UNINITIALIZED_AUTOS = YES_AGGRESSIVE;
				GCC_WARN_UNUSED_FUNCTION = YES;
				GCC_WARN_UNUSED_VARIABLE = YES;
				IPHONEOS_DEPLOYMENT_TARGET = 13.2;
				MTL_ENABLE_DEBUG_INFO = INCLUDE_SOURCE;
				MTL_FAST_MATH = YES;
				ONLY_ACTIVE_ARCH = YES;
				SDKROOT = iphoneos;
			};
			name = Debug;
		};
		FCCEBA5524221D6500A9B950 /* Release */ = {
			isa = XCBuildConfiguration;
			buildSettings = {
				ALWAYS_SEARCH_USER_PATHS = NO;
				CLANG_ANALYZER_NONNULL = YES;
				CLANG_ANALYZER_NUMBER_OBJECT_CONVERSION = YES_AGGRESSIVE;
				CLANG_CXX_LANGUAGE_STANDARD = "gnu++14";
				CLANG_CXX_LIBRARY = "libc++";
				CLANG_ENABLE_MODULES = YES;
				CLANG_ENABLE_OBJC_ARC = YES;
				CLANG_ENABLE_OBJC_WEAK = YES;
				CLANG_WARN_BLOCK_CAPTURE_AUTORELEASING = YES;
				CLANG_WARN_BOOL_CONVERSION = YES;
				CLANG_WARN_COMMA = YES;
				CLANG_WARN_CONSTANT_CONVERSION = YES;
				CLANG_WARN_DEPRECATED_OBJC_IMPLEMENTATIONS = YES;
				CLANG_WARN_DIRECT_OBJC_ISA_USAGE = YES_ERROR;
				CLANG_WARN_DOCUMENTATION_COMMENTS = YES;
				CLANG_WARN_EMPTY_BODY = YES;
				CLANG_WARN_ENUM_CONVERSION = YES;
				CLANG_WARN_INFINITE_RECURSION = YES;
				CLANG_WARN_INT_CONVERSION = YES;
				CLANG_WARN_NON_LITERAL_NULL_CONVERSION = YES;
				CLANG_WARN_OBJC_IMPLICIT_RETAIN_SELF = YES;
				CLANG_WARN_OBJC_LITERAL_CONVERSION = YES;
				CLANG_WARN_OBJC_ROOT_CLASS = YES_ERROR;
				CLANG_WARN_RANGE_LOOP_ANALYSIS = YES;
				CLANG_WARN_STRICT_PROTOTYPES = YES;
				CLANG_WARN_SUSPICIOUS_MOVE = YES;
				CLANG_WARN_UNGUARDED_AVAILABILITY = YES_AGGRESSIVE;
				CLANG_WARN_UNREACHABLE_CODE = YES;
				CLANG_WARN__DUPLICATE_METHOD_MATCH = YES;
				COPY_PHASE_STRIP = NO;
				DEBUG_INFORMATION_FORMAT = "dwarf-with-dsym";
				ENABLE_NS_ASSERTIONS = NO;
				ENABLE_STRICT_OBJC_MSGSEND = YES;
				GCC_C_LANGUAGE_STANDARD = gnu11;
				GCC_NO_COMMON_BLOCKS = YES;
				GCC_WARN_64_TO_32_BIT_CONVERSION = YES;
				GCC_WARN_ABOUT_RETURN_TYPE = YES_ERROR;
				GCC_WARN_UNDECLARED_SELECTOR = YES;
				GCC_WARN_UNINITIALIZED_AUTOS = YES_AGGRESSIVE;
				GCC_WARN_UNUSED_FUNCTION = YES;
				GCC_WARN_UNUSED_VARIABLE = YES;
				IPHONEOS_DEPLOYMENT_TARGET = 13.2;
				MTL_ENABLE_DEBUG_INFO = NO;
				MTL_FAST_MATH = YES;
				SDKROOT = iphoneos;
				VALIDATE_PRODUCT = YES;
			};
			name = Release;
		};
		FCCEBA5724221D6500A9B950 /* Debug */ = {
			isa = XCBuildConfiguration;
			buildSettings = {
				ASSETCATALOG_COMPILER_APPICON_NAME = AppIcon;
				CODE_SIGN_STYLE = Automatic;
				INFOPLIST_FILE = Todo_ObjC/Info.plist;
				LD_RUNPATH_SEARCH_PATHS = (
					"$(inherited)",
					"@executable_path/Frameworks",
				);
				PRODUCT_BUNDLE_IDENTIFIER = "VietVQ.Todo-ObjC";
				PRODUCT_NAME = "$(TARGET_NAME)";
				TARGETED_DEVICE_FAMILY = "1,2";
			};
			name = Debug;
		};
		FCCEBA5824221D6500A9B950 /* Release */ = {
			isa = XCBuildConfiguration;
			buildSettings = {
				ASSETCATALOG_COMPILER_APPICON_NAME = AppIcon;
				CODE_SIGN_STYLE = Automatic;
				INFOPLIST_FILE = Todo_ObjC/Info.plist;
				LD_RUNPATH_SEARCH_PATHS = (
					"$(inherited)",
					"@executable_path/Frameworks",
				);
				PRODUCT_BUNDLE_IDENTIFIER = "VietVQ.Todo-ObjC";
				PRODUCT_NAME = "$(TARGET_NAME)";
				TARGETED_DEVICE_FAMILY = "1,2";
			};
			name = Release;
		};
		FCCEBA5A24221D6500A9B950 /* Debug */ = {
			isa = XCBuildConfiguration;
			buildSettings = {
				BUNDLE_LOADER = "$(TEST_HOST)";
				CODE_SIGN_STYLE = Automatic;
				INFOPLIST_FILE = Todo_ObjCTests/Info.plist;
				IPHONEOS_DEPLOYMENT_TARGET = 13.2;
				LD_RUNPATH_SEARCH_PATHS = (
					"$(inherited)",
					"@executable_path/Frameworks",
					"@loader_path/Frameworks",
				);
				PRODUCT_BUNDLE_IDENTIFIER = "VietVQ.Todo-ObjCTests";
				PRODUCT_NAME = "$(TARGET_NAME)";
				TARGETED_DEVICE_FAMILY = "1,2";
				TEST_HOST = "$(BUILT_PRODUCTS_DIR)/Todo_ObjC.app/Todo_ObjC";
			};
			name = Debug;
		};
		FCCEBA5B24221D6500A9B950 /* Release */ = {
			isa = XCBuildConfiguration;
			buildSettings = {
				BUNDLE_LOADER = "$(TEST_HOST)";
				CODE_SIGN_STYLE = Automatic;
				INFOPLIST_FILE = Todo_ObjCTests/Info.plist;
				IPHONEOS_DEPLOYMENT_TARGET = 13.2;
				LD_RUNPATH_SEARCH_PATHS = (
					"$(inherited)",
					"@executable_path/Frameworks",
					"@loader_path/Frameworks",
				);
				PRODUCT_BUNDLE_IDENTIFIER = "VietVQ.Todo-ObjCTests";
				PRODUCT_NAME = "$(TARGET_NAME)";
				TARGETED_DEVICE_FAMILY = "1,2";
				TEST_HOST = "$(BUILT_PRODUCTS_DIR)/Todo_ObjC.app/Todo_ObjC";
			};
			name = Release;
		};
		FCCEBA5D24221D6500A9B950 /* Debug */ = {
			isa = XCBuildConfiguration;
			buildSettings = {
				CODE_SIGN_STYLE = Automatic;
				INFOPLIST_FILE = Todo_ObjCUITests/Info.plist;
				LD_RUNPATH_SEARCH_PATHS = (
					"$(inherited)",
					"@executable_path/Frameworks",
					"@loader_path/Frameworks",
				);
				PRODUCT_BUNDLE_IDENTIFIER = "VietVQ.Todo-ObjCUITests";
				PRODUCT_NAME = "$(TARGET_NAME)";
				TARGETED_DEVICE_FAMILY = "1,2";
				TEST_TARGET_NAME = Todo_ObjC;
			};
			name = Debug;
		};
		FCCEBA5E24221D6500A9B950 /* Release */ = {
			isa = XCBuildConfiguration;
			buildSettings = {
				CODE_SIGN_STYLE = Automatic;
				INFOPLIST_FILE = Todo_ObjCUITests/Info.plist;
				LD_RUNPATH_SEARCH_PATHS = (
					"$(inherited)",
					"@executable_path/Frameworks",
					"@loader_path/Frameworks",
				);
				PRODUCT_BUNDLE_IDENTIFIER = "VietVQ.Todo-ObjCUITests";
				PRODUCT_NAME = "$(TARGET_NAME)";
				TARGETED_DEVICE_FAMILY = "1,2";
				TEST_TARGET_NAME = Todo_ObjC;
			};
			name = Release;
		};
/* End XCBuildConfiguration section */

/* Begin XCConfigurationList section */
		FCCEBA2224221D6400A9B950 /* Build configuration list for PBXProject "Todo_ObjC" */ = {
			isa = XCConfigurationList;
			buildConfigurations = (
				FCCEBA5424221D6500A9B950 /* Debug */,
				FCCEBA5524221D6500A9B950 /* Release */,
			);
			defaultConfigurationIsVisible = 0;
			defaultConfigurationName = Release;
		};
		FCCEBA5624221D6500A9B950 /* Build configuration list for PBXNativeTarget "Todo_ObjC" */ = {
			isa = XCConfigurationList;
			buildConfigurations = (
				FCCEBA5724221D6500A9B950 /* Debug */,
				FCCEBA5824221D6500A9B950 /* Release */,
			);
			defaultConfigurationIsVisible = 0;
			defaultConfigurationName = Release;
		};
		FCCEBA5924221D6500A9B950 /* Build configuration list for PBXNativeTarget "Todo_ObjCTests" */ = {
			isa = XCConfigurationList;
			buildConfigurations = (
				FCCEBA5A24221D6500A9B950 /* Debug */,
				FCCEBA5B24221D6500A9B950 /* Release */,
			);
			defaultConfigurationIsVisible = 0;
			defaultConfigurationName = Release;
		};
		FCCEBA5C24221D6500A9B950 /* Build configuration list for PBXNativeTarget "Todo_ObjCUITests" */ = {
			isa = XCConfigurationList;
			buildConfigurations = (
				FCCEBA5D24221D6500A9B950 /* Debug */,
				FCCEBA5E24221D6500A9B950 /* Release */,
			);
			defaultConfigurationIsVisible = 0;
			defaultConfigurationName = Release;
		};
/* End XCConfigurationList section */
	};
	rootObject = FCCEBA1F24221D6400A9B950 /* Project object */;
}
